// !$*UTF8*$!
{
	archiveVersion = 1;
	classes = {
	};
	objectVersion = 55;
	objects = {

/* Begin PBXBuildFile section */
		551105242859649A00CEB6B5 /* DetailMovie.swift in Sources */ = {isa = PBXBuildFile; fileRef = 551105232859649A00CEB6B5 /* DetailMovie.swift */; };
		551105282859757800CEB6B5 /* UITableView+Extensions.swift in Sources */ = {isa = PBXBuildFile; fileRef = 551105272859757800CEB6B5 /* UITableView+Extensions.swift */; };
		55298335285821A9008D34EE /* LoadingScreen.swift in Sources */ = {isa = PBXBuildFile; fileRef = 55298334285821A9008D34EE /* LoadingScreen.swift */; };
		553B782F285B8AB60081CF74 /* DetailMoviePresenterTests.swift in Sources */ = {isa = PBXBuildFile; fileRef = 553B782E285B8AB60081CF74 /* DetailMoviePresenterTests.swift */; };
		553B7831285B8B070081CF74 /* MockDetailMovieView.swift in Sources */ = {isa = PBXBuildFile; fileRef = 553B7830285B8B070081CF74 /* MockDetailMovieView.swift */; };
		553B7833285B8B810081CF74 /* MockDetailMovieRouter.swift in Sources */ = {isa = PBXBuildFile; fileRef = 553B7832285B8B810081CF74 /* MockDetailMovieRouter.swift */; };
		553B7835285B8BCC0081CF74 /* MockDetailMovieInteractor.swift in Sources */ = {isa = PBXBuildFile; fileRef = 553B7834285B8BCC0081CF74 /* MockDetailMovieInteractor.swift */; };
		553B94A4285CD88D00BC6C06 /* AppWorking.gif in Resources */ = {isa = PBXBuildFile; fileRef = 553B94A3285CD88D00BC6C06 /* AppWorking.gif */; };
		553B94A6285CDD0C00BC6C06 /* ModulesCapture.png in Resources */ = {isa = PBXBuildFile; fileRef = 553B94A5285CDD0C00BC6C06 /* ModulesCapture.png */; };
		553B94A8285CDD5A00BC6C06 /* CommonCapture.png in Resources */ = {isa = PBXBuildFile; fileRef = 553B94A7285CDD5A00BC6C06 /* CommonCapture.png */; };
		553B94AA285CDE4100BC6C06 /* UnitTestCapture.png in Resources */ = {isa = PBXBuildFile; fileRef = 553B94A9285CDE4100BC6C06 /* UnitTestCapture.png */; };
		554EDAB6285BC46100502112 /* UpcomingMovies.json in Resources */ = {isa = PBXBuildFile; fileRef = 554EDAB5285BC46100502112 /* UpcomingMovies.json */; };
		554EDAB8285BC4B200502112 /* TopRatedMovies.json in Resources */ = {isa = PBXBuildFile; fileRef = 554EDAB7285BC4B200502112 /* TopRatedMovies.json */; };
		554EDABA285BCB2F00502112 /* DetailMovieInteractorTests.swift in Sources */ = {isa = PBXBuildFile; fileRef = 554EDAB9285BCB2F00502112 /* DetailMovieInteractorTests.swift */; };
		554EDABE285BCBFD00502112 /* DetailMovie.json in Resources */ = {isa = PBXBuildFile; fileRef = 554EDABD285BCBFD00502112 /* DetailMovie.json */; };
		554EDAC4285BCCFA00502112 /* VideosMovie.json in Resources */ = {isa = PBXBuildFile; fileRef = 554EDAC3285BCCFA00502112 /* VideosMovie.json */; };
		554EDAC6285BCD8B00502112 /* DetailMovieViewControllerTests.swift in Sources */ = {isa = PBXBuildFile; fileRef = 554EDAC5285BCD8B00502112 /* DetailMovieViewControllerTests.swift */; };
		554EDAC8285BCD9B00502112 /* HomeViewControllerTests.swift in Sources */ = {isa = PBXBuildFile; fileRef = 554EDAC7285BCD9B00502112 /* HomeViewControllerTests.swift */; };
		554EDACA285BCE2000502112 /* XCTestCase+Extensions.swift in Sources */ = {isa = PBXBuildFile; fileRef = 554EDAC9285BCE2000502112 /* XCTestCase+Extensions.swift */; };
		554EDACC285BCF7500502112 /* MockHomePresenter.swift in Sources */ = {isa = PBXBuildFile; fileRef = 554EDACB285BCF7500502112 /* MockHomePresenter.swift */; };
		554EDACE285BD0C700502112 /* MockDetailMoviePresenter.swift in Sources */ = {isa = PBXBuildFile; fileRef = 554EDACD285BD0C700502112 /* MockDetailMoviePresenter.swift */; };
		5583829D2854F9670024EF35 /* HomeRouter.swift in Sources */ = {isa = PBXBuildFile; fileRef = 5583829C2854F9670024EF35 /* HomeRouter.swift */; };
		5583829F2855011E0024EF35 /* HomeViewController.swift in Sources */ = {isa = PBXBuildFile; fileRef = 5583829E2855011E0024EF35 /* HomeViewController.swift */; };
		558382A1285507290024EF35 /* HomePresenter.swift in Sources */ = {isa = PBXBuildFile; fileRef = 558382A0285507290024EF35 /* HomePresenter.swift */; };
		5588DE6D285B99DA00C37092 /* HomeInteractorTests.swift in Sources */ = {isa = PBXBuildFile; fileRef = 5588DE6C285B99DA00C37092 /* HomeInteractorTests.swift */; };
		5588DE6F285B9E3500C37092 /* ServiceManager.swift in Sources */ = {isa = PBXBuildFile; fileRef = 5588DE6E285B9E3500C37092 /* ServiceManager.swift */; };
		5588DE73285B9FD900C37092 /* MockServiceManager.swift in Sources */ = {isa = PBXBuildFile; fileRef = 5588DE72285B9FD900C37092 /* MockServiceManager.swift */; };
		5588DE76285BA14100C37092 /* FileManager+Extensions.swift in Sources */ = {isa = PBXBuildFile; fileRef = 5588DE75285BA14100C37092 /* FileManager+Extensions.swift */; };
		55BED86D2856364E00FF30F5 /* UICollectionView+Extensions.swift in Sources */ = {isa = PBXBuildFile; fileRef = 55BED86C2856364E00FF30F5 /* UICollectionView+Extensions.swift */; };
		55BED870285686AA00FF30F5 /* TopRatedMovies.swift in Sources */ = {isa = PBXBuildFile; fileRef = 55BED86F285686AA00FF30F5 /* TopRatedMovies.swift */; };
		55BED872285686B500FF30F5 /* UpcomingMovies.swift in Sources */ = {isa = PBXBuildFile; fileRef = 55BED871285686B500FF30F5 /* UpcomingMovies.swift */; };
		55BED8742856B41800FF30F5 /* DetailMovieRouter.swift in Sources */ = {isa = PBXBuildFile; fileRef = 55BED8732856B41700FF30F5 /* DetailMovieRouter.swift */; };
		55BED8792856B49C00FF30F5 /* DetailMoviePresenter.swift in Sources */ = {isa = PBXBuildFile; fileRef = 55BED8782856B49C00FF30F5 /* DetailMoviePresenter.swift */; };
		55BED87B2856B4FA00FF30F5 /* DetailMovieInteractor.swift in Sources */ = {isa = PBXBuildFile; fileRef = 55BED87A2856B4FA00FF30F5 /* DetailMovieInteractor.swift */; };
		55BED87D2856B53600FF30F5 /* DetailMovieInterfaces.swift in Sources */ = {isa = PBXBuildFile; fileRef = 55BED87C2856B53600FF30F5 /* DetailMovieInterfaces.swift */; };
		55BED8822856BB6C00FF30F5 /* DetailMovieViewController.swift in Sources */ = {isa = PBXBuildFile; fileRef = 55BED8802856BB6C00FF30F5 /* DetailMovieViewController.swift */; };
		55BED8832856BB6C00FF30F5 /* DetailMovieViewController.xib in Resources */ = {isa = PBXBuildFile; fileRef = 55BED8812856BB6C00FF30F5 /* DetailMovieViewController.xib */; };
		55BED8852856BD2F00FF30F5 /* DetailImageViewCell.swift in Sources */ = {isa = PBXBuildFile; fileRef = 55BED8842856BD2F00FF30F5 /* DetailImageViewCell.swift */; };
		55BED8872856BD8700FF30F5 /* DetailInfoViewCell.swift in Sources */ = {isa = PBXBuildFile; fileRef = 55BED8862856BD8700FF30F5 /* DetailInfoViewCell.swift */; };
		55D7568A285527B900259415 /* MovieViewCell.swift in Sources */ = {isa = PBXBuildFile; fileRef = 55D75689285527B900259415 /* MovieViewCell.swift */; };
		55D7568D2855283800259415 /* CollectionViewHorizontalCustom.swift in Sources */ = {isa = PBXBuildFile; fileRef = 55D7568C2855283800259415 /* CollectionViewHorizontalCustom.swift */; };
		55D7568F2855293A00259415 /* Describable.swift in Sources */ = {isa = PBXBuildFile; fileRef = 55D7568E2855293A00259415 /* Describable.swift */; };
		55D756962855315B00259415 /* HomeInterfaces.swift in Sources */ = {isa = PBXBuildFile; fileRef = 55D756952855315B00259415 /* HomeInterfaces.swift */; };
		55D75699285532FB00259415 /* HomeInteractor.swift in Sources */ = {isa = PBXBuildFile; fileRef = 55D75698285532FB00259415 /* HomeInteractor.swift */; };
		55D7569C2855335B00259415 /* Movie.swift in Sources */ = {isa = PBXBuildFile; fileRef = 55D7569B2855335B00259415 /* Movie.swift */; };
		55D756A32855607600259415 /* BaseRouter.swift in Sources */ = {isa = PBXBuildFile; fileRef = 55D756A22855607600259415 /* BaseRouter.swift */; };
		55D756A528556CAA00259415 /* UIViewController+Extensions.swift in Sources */ = {isa = PBXBuildFile; fileRef = 55D756A428556CA900259415 /* UIViewController+Extensions.swift */; };
		55D756A92855951A00259415 /* UIImageView+Extensions.swift in Sources */ = {isa = PBXBuildFile; fileRef = 55D756A82855951A00259415 /* UIImageView+Extensions.swift */; };
		55D756AB285597AE00259415 /* HTTPMethod.swift in Sources */ = {isa = PBXBuildFile; fileRef = 55D756AA285597AE00259415 /* HTTPMethod.swift */; };
		55D756AD285597CC00259415 /* CustomError.swift in Sources */ = {isa = PBXBuildFile; fileRef = 55D756AC285597CC00259415 /* CustomError.swift */; };
		55D756AF285597F100259415 /* BaseService.swift in Sources */ = {isa = PBXBuildFile; fileRef = 55D756AE285597F100259415 /* BaseService.swift */; };
		55D756B128559A1F00259415 /* ErrorStrings.swift in Sources */ = {isa = PBXBuildFile; fileRef = 55D756B028559A1F00259415 /* ErrorStrings.swift */; };
		55D756B328559B6E00259415 /* Endpoint.swift in Sources */ = {isa = PBXBuildFile; fileRef = 55D756B228559B6E00259415 /* Endpoint.swift */; };
		55D756B528559C2A00259415 /* NetworkConstants.swift in Sources */ = {isa = PBXBuildFile; fileRef = 55D756B428559C2A00259415 /* NetworkConstants.swift */; };
		55D756B72855A06600259415 /* PopularMovies.swift in Sources */ = {isa = PBXBuildFile; fileRef = 55D756B62855A06600259415 /* PopularMovies.swift */; };
		55E0334C285AD21E00150514 /* MockHomeInteractor.swift in Sources */ = {isa = PBXBuildFile; fileRef = 55E03347285AD21E00150514 /* MockHomeInteractor.swift */; };
		55E0334D285AD21E00150514 /* HomePresenterTests.swift in Sources */ = {isa = PBXBuildFile; fileRef = 55E03348285AD21E00150514 /* HomePresenterTests.swift */; };
		55E0334E285AD21E00150514 /* PopularMovies.json in Resources */ = {isa = PBXBuildFile; fileRef = 55E0334B285AD21E00150514 /* PopularMovies.json */; };
		55E03350285AD33400150514 /* MockHomeRouter.swift in Sources */ = {isa = PBXBuildFile; fileRef = 55E0334F285AD33400150514 /* MockHomeRouter.swift */; };
		55E03352285AD35500150514 /* MockHomeView.swift in Sources */ = {isa = PBXBuildFile; fileRef = 55E03351285AD35500150514 /* MockHomeView.swift */; };
		55FBE1FE285412A200E3A793 /* AppDelegate.swift in Sources */ = {isa = PBXBuildFile; fileRef = 55FBE1FD285412A200E3A793 /* AppDelegate.swift */; };
		55FBE200285412A200E3A793 /* SceneDelegate.swift in Sources */ = {isa = PBXBuildFile; fileRef = 55FBE1FF285412A200E3A793 /* SceneDelegate.swift */; };
		55FBE207285412A400E3A793 /* Assets.xcassets in Resources */ = {isa = PBXBuildFile; fileRef = 55FBE206285412A400E3A793 /* Assets.xcassets */; };
		55FBE20A285412A400E3A793 /* LaunchScreen.storyboard in Resources */ = {isa = PBXBuildFile; fileRef = 55FBE208285412A400E3A793 /* LaunchScreen.storyboard */; };
		55FBE21F285412A400E3A793 /* movies_challengeUITests.swift in Sources */ = {isa = PBXBuildFile; fileRef = 55FBE21E285412A400E3A793 /* movies_challengeUITests.swift */; };
		55FBE221285412A400E3A793 /* movies_challengeUITestsLaunchTests.swift in Sources */ = {isa = PBXBuildFile; fileRef = 55FBE220285412A400E3A793 /* movies_challengeUITestsLaunchTests.swift */; };
/* End PBXBuildFile section */

/* Begin PBXContainerItemProxy section */
		55FBE211285412A400E3A793 /* PBXContainerItemProxy */ = {
			isa = PBXContainerItemProxy;
			containerPortal = 55FBE1F2285412A200E3A793 /* Project object */;
			proxyType = 1;
			remoteGlobalIDString = 55FBE1F9285412A200E3A793;
			remoteInfo = "movies-challenge";
		};
		55FBE21B285412A400E3A793 /* PBXContainerItemProxy */ = {
			isa = PBXContainerItemProxy;
			containerPortal = 55FBE1F2285412A200E3A793 /* Project object */;
			proxyType = 1;
			remoteGlobalIDString = 55FBE1F9285412A200E3A793;
			remoteInfo = "movies-challenge";
		};
/* End PBXContainerItemProxy section */

/* Begin PBXFileReference section */
		551105232859649A00CEB6B5 /* DetailMovie.swift */ = {isa = PBXFileReference; lastKnownFileType = sourcecode.swift; path = DetailMovie.swift; sourceTree = "<group>"; };
		551105272859757800CEB6B5 /* UITableView+Extensions.swift */ = {isa = PBXFileReference; lastKnownFileType = sourcecode.swift; path = "UITableView+Extensions.swift"; sourceTree = "<group>"; };
		55298334285821A9008D34EE /* LoadingScreen.swift */ = {isa = PBXFileReference; lastKnownFileType = sourcecode.swift; path = LoadingScreen.swift; sourceTree = "<group>"; };
		553B782E285B8AB60081CF74 /* DetailMoviePresenterTests.swift */ = {isa = PBXFileReference; lastKnownFileType = sourcecode.swift; path = DetailMoviePresenterTests.swift; sourceTree = "<group>"; };
		553B7830285B8B070081CF74 /* MockDetailMovieView.swift */ = {isa = PBXFileReference; lastKnownFileType = sourcecode.swift; path = MockDetailMovieView.swift; sourceTree = "<group>"; };
		553B7832285B8B810081CF74 /* MockDetailMovieRouter.swift */ = {isa = PBXFileReference; lastKnownFileType = sourcecode.swift; path = MockDetailMovieRouter.swift; sourceTree = "<group>"; };
		553B7834285B8BCC0081CF74 /* MockDetailMovieInteractor.swift */ = {isa = PBXFileReference; lastKnownFileType = sourcecode.swift; path = MockDetailMovieInteractor.swift; sourceTree = "<group>"; };
		553B94A3285CD88D00BC6C06 /* AppWorking.gif */ = {isa = PBXFileReference; lastKnownFileType = image.gif; path = AppWorking.gif; sourceTree = "<group>"; };
		553B94A5285CDD0C00BC6C06 /* ModulesCapture.png */ = {isa = PBXFileReference; lastKnownFileType = image.png; path = ModulesCapture.png; sourceTree = "<group>"; };
		553B94A7285CDD5A00BC6C06 /* CommonCapture.png */ = {isa = PBXFileReference; lastKnownFileType = image.png; path = CommonCapture.png; sourceTree = "<group>"; };
		553B94A9285CDE4100BC6C06 /* UnitTestCapture.png */ = {isa = PBXFileReference; lastKnownFileType = image.png; path = UnitTestCapture.png; sourceTree = "<group>"; };
		554EDAB5285BC46100502112 /* UpcomingMovies.json */ = {isa = PBXFileReference; lastKnownFileType = text.json; path = UpcomingMovies.json; sourceTree = "<group>"; };
		554EDAB7285BC4B200502112 /* TopRatedMovies.json */ = {isa = PBXFileReference; lastKnownFileType = text.json; path = TopRatedMovies.json; sourceTree = "<group>"; };
		554EDAB9285BCB2F00502112 /* DetailMovieInteractorTests.swift */ = {isa = PBXFileReference; lastKnownFileType = sourcecode.swift; path = DetailMovieInteractorTests.swift; sourceTree = "<group>"; };
		554EDABD285BCBFD00502112 /* DetailMovie.json */ = {isa = PBXFileReference; lastKnownFileType = text.json; path = DetailMovie.json; sourceTree = "<group>"; };
		554EDAC3285BCCFA00502112 /* VideosMovie.json */ = {isa = PBXFileReference; lastKnownFileType = text.json; path = VideosMovie.json; sourceTree = "<group>"; };
		554EDAC5285BCD8B00502112 /* DetailMovieViewControllerTests.swift */ = {isa = PBXFileReference; lastKnownFileType = sourcecode.swift; path = DetailMovieViewControllerTests.swift; sourceTree = "<group>"; };
		554EDAC7285BCD9B00502112 /* HomeViewControllerTests.swift */ = {isa = PBXFileReference; lastKnownFileType = sourcecode.swift; path = HomeViewControllerTests.swift; sourceTree = "<group>"; };
		554EDAC9285BCE2000502112 /* XCTestCase+Extensions.swift */ = {isa = PBXFileReference; lastKnownFileType = sourcecode.swift; path = "XCTestCase+Extensions.swift"; sourceTree = "<group>"; };
		554EDACB285BCF7500502112 /* MockHomePresenter.swift */ = {isa = PBXFileReference; lastKnownFileType = sourcecode.swift; path = MockHomePresenter.swift; sourceTree = "<group>"; };
		554EDACD285BD0C700502112 /* MockDetailMoviePresenter.swift */ = {isa = PBXFileReference; lastKnownFileType = sourcecode.swift; path = MockDetailMoviePresenter.swift; sourceTree = "<group>"; };
		5583829C2854F9670024EF35 /* HomeRouter.swift */ = {isa = PBXFileReference; lastKnownFileType = sourcecode.swift; path = HomeRouter.swift; sourceTree = "<group>"; };
		5583829E2855011E0024EF35 /* HomeViewController.swift */ = {isa = PBXFileReference; lastKnownFileType = sourcecode.swift; path = HomeViewController.swift; sourceTree = "<group>"; };
		558382A0285507290024EF35 /* HomePresenter.swift */ = {isa = PBXFileReference; lastKnownFileType = sourcecode.swift; path = HomePresenter.swift; sourceTree = "<group>"; };
		5588DE6C285B99DA00C37092 /* HomeInteractorTests.swift */ = {isa = PBXFileReference; lastKnownFileType = sourcecode.swift; path = HomeInteractorTests.swift; sourceTree = "<group>"; };
		5588DE6E285B9E3500C37092 /* ServiceManager.swift */ = {isa = PBXFileReference; lastKnownFileType = sourcecode.swift; path = ServiceManager.swift; sourceTree = "<group>"; };
		5588DE72285B9FD900C37092 /* MockServiceManager.swift */ = {isa = PBXFileReference; lastKnownFileType = sourcecode.swift; path = MockServiceManager.swift; sourceTree = "<group>"; };
		5588DE75285BA14100C37092 /* FileManager+Extensions.swift */ = {isa = PBXFileReference; lastKnownFileType = sourcecode.swift; path = "FileManager+Extensions.swift"; sourceTree = "<group>"; };
		55BED86C2856364E00FF30F5 /* UICollectionView+Extensions.swift */ = {isa = PBXFileReference; lastKnownFileType = sourcecode.swift; path = "UICollectionView+Extensions.swift"; sourceTree = "<group>"; };
		55BED86F285686AA00FF30F5 /* TopRatedMovies.swift */ = {isa = PBXFileReference; lastKnownFileType = sourcecode.swift; path = TopRatedMovies.swift; sourceTree = "<group>"; };
		55BED871285686B500FF30F5 /* UpcomingMovies.swift */ = {isa = PBXFileReference; lastKnownFileType = sourcecode.swift; path = UpcomingMovies.swift; sourceTree = "<group>"; };
		55BED8732856B41700FF30F5 /* DetailMovieRouter.swift */ = {isa = PBXFileReference; lastKnownFileType = sourcecode.swift; path = DetailMovieRouter.swift; sourceTree = "<group>"; };
		55BED8782856B49C00FF30F5 /* DetailMoviePresenter.swift */ = {isa = PBXFileReference; lastKnownFileType = sourcecode.swift; path = DetailMoviePresenter.swift; sourceTree = "<group>"; };
		55BED87A2856B4FA00FF30F5 /* DetailMovieInteractor.swift */ = {isa = PBXFileReference; lastKnownFileType = sourcecode.swift; path = DetailMovieInteractor.swift; sourceTree = "<group>"; };
		55BED87C2856B53600FF30F5 /* DetailMovieInterfaces.swift */ = {isa = PBXFileReference; lastKnownFileType = sourcecode.swift; path = DetailMovieInterfaces.swift; sourceTree = "<group>"; };
		55BED8802856BB6C00FF30F5 /* DetailMovieViewController.swift */ = {isa = PBXFileReference; lastKnownFileType = sourcecode.swift; path = DetailMovieViewController.swift; sourceTree = "<group>"; };
		55BED8812856BB6C00FF30F5 /* DetailMovieViewController.xib */ = {isa = PBXFileReference; lastKnownFileType = file.xib; path = DetailMovieViewController.xib; sourceTree = "<group>"; };
		55BED8842856BD2F00FF30F5 /* DetailImageViewCell.swift */ = {isa = PBXFileReference; lastKnownFileType = sourcecode.swift; path = DetailImageViewCell.swift; sourceTree = "<group>"; };
		55BED8862856BD8700FF30F5 /* DetailInfoViewCell.swift */ = {isa = PBXFileReference; lastKnownFileType = sourcecode.swift; path = DetailInfoViewCell.swift; sourceTree = "<group>"; };
		55D75689285527B900259415 /* MovieViewCell.swift */ = {isa = PBXFileReference; lastKnownFileType = sourcecode.swift; path = MovieViewCell.swift; sourceTree = "<group>"; };
		55D7568C2855283800259415 /* CollectionViewHorizontalCustom.swift */ = {isa = PBXFileReference; lastKnownFileType = sourcecode.swift; path = CollectionViewHorizontalCustom.swift; sourceTree = "<group>"; };
		55D7568E2855293A00259415 /* Describable.swift */ = {isa = PBXFileReference; lastKnownFileType = sourcecode.swift; path = Describable.swift; sourceTree = "<group>"; };
		55D756952855315B00259415 /* HomeInterfaces.swift */ = {isa = PBXFileReference; lastKnownFileType = sourcecode.swift; path = HomeInterfaces.swift; sourceTree = "<group>"; };
		55D75698285532FB00259415 /* HomeInteractor.swift */ = {isa = PBXFileReference; lastKnownFileType = sourcecode.swift; path = HomeInteractor.swift; sourceTree = "<group>"; };
		55D7569B2855335B00259415 /* Movie.swift */ = {isa = PBXFileReference; lastKnownFileType = sourcecode.swift; path = Movie.swift; sourceTree = "<group>"; };
		55D756A22855607600259415 /* BaseRouter.swift */ = {isa = PBXFileReference; lastKnownFileType = sourcecode.swift; path = BaseRouter.swift; sourceTree = "<group>"; };
		55D756A428556CA900259415 /* UIViewController+Extensions.swift */ = {isa = PBXFileReference; lastKnownFileType = sourcecode.swift; path = "UIViewController+Extensions.swift"; sourceTree = "<group>"; };
		55D756A82855951A00259415 /* UIImageView+Extensions.swift */ = {isa = PBXFileReference; lastKnownFileType = sourcecode.swift; path = "UIImageView+Extensions.swift"; sourceTree = "<group>"; };
		55D756AA285597AE00259415 /* HTTPMethod.swift */ = {isa = PBXFileReference; lastKnownFileType = sourcecode.swift; path = HTTPMethod.swift; sourceTree = "<group>"; };
		55D756AC285597CC00259415 /* CustomError.swift */ = {isa = PBXFileReference; lastKnownFileType = sourcecode.swift; path = CustomError.swift; sourceTree = "<group>"; };
		55D756AE285597F100259415 /* BaseService.swift */ = {isa = PBXFileReference; lastKnownFileType = sourcecode.swift; path = BaseService.swift; sourceTree = "<group>"; };
		55D756B028559A1F00259415 /* ErrorStrings.swift */ = {isa = PBXFileReference; lastKnownFileType = sourcecode.swift; path = ErrorStrings.swift; sourceTree = "<group>"; };
		55D756B228559B6E00259415 /* Endpoint.swift */ = {isa = PBXFileReference; lastKnownFileType = sourcecode.swift; path = Endpoint.swift; sourceTree = "<group>"; };
		55D756B428559C2A00259415 /* NetworkConstants.swift */ = {isa = PBXFileReference; lastKnownFileType = sourcecode.swift; path = NetworkConstants.swift; sourceTree = "<group>"; };
		55D756B62855A06600259415 /* PopularMovies.swift */ = {isa = PBXFileReference; lastKnownFileType = sourcecode.swift; path = PopularMovies.swift; sourceTree = "<group>"; };
		55E03347285AD21E00150514 /* MockHomeInteractor.swift */ = {isa = PBXFileReference; fileEncoding = 4; lastKnownFileType = sourcecode.swift; path = MockHomeInteractor.swift; sourceTree = "<group>"; };
		55E03348285AD21E00150514 /* HomePresenterTests.swift */ = {isa = PBXFileReference; fileEncoding = 4; lastKnownFileType = sourcecode.swift; path = HomePresenterTests.swift; sourceTree = "<group>"; };
		55E0334B285AD21E00150514 /* PopularMovies.json */ = {isa = PBXFileReference; fileEncoding = 4; lastKnownFileType = text.json; path = PopularMovies.json; sourceTree = "<group>"; };
		55E0334F285AD33400150514 /* MockHomeRouter.swift */ = {isa = PBXFileReference; lastKnownFileType = sourcecode.swift; path = MockHomeRouter.swift; sourceTree = "<group>"; };
		55E03351285AD35500150514 /* MockHomeView.swift */ = {isa = PBXFileReference; lastKnownFileType = sourcecode.swift; path = MockHomeView.swift; sourceTree = "<group>"; };
		55FBE1FA285412A200E3A793 /* movies-challenge.app */ = {isa = PBXFileReference; explicitFileType = wrapper.application; includeInIndex = 0; path = "movies-challenge.app"; sourceTree = BUILT_PRODUCTS_DIR; };
		55FBE1FD285412A200E3A793 /* AppDelegate.swift */ = {isa = PBXFileReference; lastKnownFileType = sourcecode.swift; path = AppDelegate.swift; sourceTree = "<group>"; };
		55FBE1FF285412A200E3A793 /* SceneDelegate.swift */ = {isa = PBXFileReference; lastKnownFileType = sourcecode.swift; path = SceneDelegate.swift; sourceTree = "<group>"; };
		55FBE206285412A400E3A793 /* Assets.xcassets */ = {isa = PBXFileReference; lastKnownFileType = folder.assetcatalog; path = Assets.xcassets; sourceTree = "<group>"; };
		55FBE209285412A400E3A793 /* Base */ = {isa = PBXFileReference; lastKnownFileType = file.storyboard; name = Base; path = Base.lproj/LaunchScreen.storyboard; sourceTree = "<group>"; };
		55FBE20B285412A400E3A793 /* Info.plist */ = {isa = PBXFileReference; lastKnownFileType = text.plist.xml; path = Info.plist; sourceTree = "<group>"; };
		55FBE210285412A400E3A793 /* movies-challengeTests.xctest */ = {isa = PBXFileReference; explicitFileType = wrapper.cfbundle; includeInIndex = 0; path = "movies-challengeTests.xctest"; sourceTree = BUILT_PRODUCTS_DIR; };
		55FBE21A285412A400E3A793 /* movies-challengeUITests.xctest */ = {isa = PBXFileReference; explicitFileType = wrapper.cfbundle; includeInIndex = 0; path = "movies-challengeUITests.xctest"; sourceTree = BUILT_PRODUCTS_DIR; };
		55FBE21E285412A400E3A793 /* movies_challengeUITests.swift */ = {isa = PBXFileReference; lastKnownFileType = sourcecode.swift; path = movies_challengeUITests.swift; sourceTree = "<group>"; };
		55FBE220285412A400E3A793 /* movies_challengeUITestsLaunchTests.swift */ = {isa = PBXFileReference; lastKnownFileType = sourcecode.swift; path = movies_challengeUITestsLaunchTests.swift; sourceTree = "<group>"; };
/* End PBXFileReference section */

/* Begin PBXFrameworksBuildPhase section */
		55FBE1F7285412A200E3A793 /* Frameworks */ = {
			isa = PBXFrameworksBuildPhase;
			buildActionMask = 2147483647;
			files = (
			);
			runOnlyForDeploymentPostprocessing = 0;
		};
		55FBE20D285412A400E3A793 /* Frameworks */ = {
			isa = PBXFrameworksBuildPhase;
			buildActionMask = 2147483647;
			files = (
			);
			runOnlyForDeploymentPostprocessing = 0;
		};
		55FBE217285412A400E3A793 /* Frameworks */ = {
			isa = PBXFrameworksBuildPhase;
			buildActionMask = 2147483647;
			files = (
			);
			runOnlyForDeploymentPostprocessing = 0;
		};
/* End PBXFrameworksBuildPhase section */

/* Begin PBXGroup section */
		551105252859722200CEB6B5 /* Components */ = {
			isa = PBXGroup;
			children = (
				55BED8842856BD2F00FF30F5 /* DetailImageViewCell.swift */,
				55BED8862856BD8700FF30F5 /* DetailInfoViewCell.swift */,
			);
			path = Components;
			sourceTree = "<group>";
		};
		551105262859724300CEB6B5 /* Components */ = {
			isa = PBXGroup;
			children = (
				55D75689285527B900259415 /* MovieViewCell.swift */,
			);
			path = Components;
			sourceTree = "<group>";
		};
		553B782D285B8AA40081CF74 /* Mocks */ = {
			isa = PBXGroup;
			children = (
				553B7834285B8BCC0081CF74 /* MockDetailMovieInteractor.swift */,
				553B7832285B8B810081CF74 /* MockDetailMovieRouter.swift */,
				553B7830285B8B070081CF74 /* MockDetailMovieView.swift */,
				554EDACD285BD0C700502112 /* MockDetailMoviePresenter.swift */,
			);
			path = Mocks;
			sourceTree = "<group>";
		};
		553B94A2285CD79700BC6C06 /* Screenshots */ = {
			isa = PBXGroup;
			children = (
				553B94A3285CD88D00BC6C06 /* AppWorking.gif */,
				553B94A7285CDD5A00BC6C06 /* CommonCapture.png */,
				553B94A5285CDD0C00BC6C06 /* ModulesCapture.png */,
				553B94A9285CDE4100BC6C06 /* UnitTestCapture.png */,
			);
			path = Screenshots;
			sourceTree = "<group>";
		};
		5588DE70285B9FC100C37092 /* Common */ = {
			isa = PBXGroup;
			children = (
				554EDAC9285BCE2000502112 /* XCTestCase+Extensions.swift */,
				5588DE72285B9FD900C37092 /* MockServiceManager.swift */,
			);
			path = Common;
			sourceTree = "<group>";
		};
		5588DE74285B9FEB00C37092 /* Modules */ = {
			isa = PBXGroup;
			children = (
				55E03349285AD21E00150514 /* DetailMovie */,
				55E03345285AD21E00150514 /* Home */,
			);
			path = Modules;
			sourceTree = "<group>";
		};
		55BED86E28563D4800FF30F5 /* Resources */ = {
			isa = PBXGroup;
			children = (
				55D756B028559A1F00259415 /* ErrorStrings.swift */,
			);
			path = Resources;
			sourceTree = "<group>";
		};
		55BED8752856B45400FF30F5 /* View */ = {
			isa = PBXGroup;
			children = (
				551105252859722200CEB6B5 /* Components */,
				55BED8802856BB6C00FF30F5 /* DetailMovieViewController.swift */,
				55BED8812856BB6C00FF30F5 /* DetailMovieViewController.xib */,
			);
			path = View;
			sourceTree = "<group>";
		};
		55D75688285527A100259415 /* View */ = {
			isa = PBXGroup;
			children = (
				551105262859724300CEB6B5 /* Components */,
				5583829E2855011E0024EF35 /* HomeViewController.swift */,
			);
			path = View;
			sourceTree = "<group>";
		};
		55D7568B2855282600259415 /* UI */ = {
			isa = PBXGroup;
			children = (
				55D7568C2855283800259415 /* CollectionViewHorizontalCustom.swift */,
				55298334285821A9008D34EE /* LoadingScreen.swift */,
			);
			path = UI;
			sourceTree = "<group>";
		};
		55D7569A2855335100259415 /* Models */ = {
			isa = PBXGroup;
			children = (
				551105232859649A00CEB6B5 /* DetailMovie.swift */,
				55D7569B2855335B00259415 /* Movie.swift */,
				55D756B62855A06600259415 /* PopularMovies.swift */,
				55BED86F285686AA00FF30F5 /* TopRatedMovies.swift */,
				55BED871285686B500FF30F5 /* UpcomingMovies.swift */,
			);
			path = Models;
			sourceTree = "<group>";
		};
		55D756A12855606700259415 /* Base */ = {
			isa = PBXGroup;
			children = (
				55D756A22855607600259415 /* BaseRouter.swift */,
			);
			path = Base;
			sourceTree = "<group>";
		};
		55E03344285AD21E00150514 /* Tests */ = {
			isa = PBXGroup;
			children = (
				5588DE74285B9FEB00C37092 /* Modules */,
				5588DE70285B9FC100C37092 /* Common */,
			);
			path = Tests;
			sourceTree = "<group>";
		};
		55E03345285AD21E00150514 /* Home */ = {
			isa = PBXGroup;
			children = (
				55E03346285AD21E00150514 /* Mocks */,
				55E03348285AD21E00150514 /* HomePresenterTests.swift */,
				5588DE6C285B99DA00C37092 /* HomeInteractorTests.swift */,
				554EDAC7285BCD9B00502112 /* HomeViewControllerTests.swift */,
			);
			path = Home;
			sourceTree = "<group>";
		};
		55E03346285AD21E00150514 /* Mocks */ = {
			isa = PBXGroup;
			children = (
				55E03347285AD21E00150514 /* MockHomeInteractor.swift */,
				55E0334F285AD33400150514 /* MockHomeRouter.swift */,
				55E03351285AD35500150514 /* MockHomeView.swift */,
				554EDACB285BCF7500502112 /* MockHomePresenter.swift */,
			);
			path = Mocks;
			sourceTree = "<group>";
		};
		55E03349285AD21E00150514 /* DetailMovie */ = {
			isa = PBXGroup;
			children = (
				553B782D285B8AA40081CF74 /* Mocks */,
				553B782E285B8AB60081CF74 /* DetailMoviePresenterTests.swift */,
				554EDAB9285BCB2F00502112 /* DetailMovieInteractorTests.swift */,
				554EDAC5285BCD8B00502112 /* DetailMovieViewControllerTests.swift */,
			);
			path = DetailMovie;
			sourceTree = "<group>";
		};
		55E0334A285AD21E00150514 /* Stubs */ = {
			isa = PBXGroup;
			children = (
				55E0334B285AD21E00150514 /* PopularMovies.json */,
				554EDAB5285BC46100502112 /* UpcomingMovies.json */,
				554EDAB7285BC4B200502112 /* TopRatedMovies.json */,
				554EDABD285BCBFD00502112 /* DetailMovie.json */,
				554EDAC3285BCCFA00502112 /* VideosMovie.json */,
			);
			path = Stubs;
			sourceTree = "<group>";
		};
		55FBE1F1285412A200E3A793 = {
			isa = PBXGroup;
			children = (
				553B94A2285CD79700BC6C06 /* Screenshots */,
				55FBE1FC285412A200E3A793 /* movies-challenge */,
				55FBE213285412A400E3A793 /* movies-challengeTests */,
				55FBE21D285412A400E3A793 /* movies-challengeUITests */,
				55FBE1FB285412A200E3A793 /* Products */,
			);
			sourceTree = "<group>";
		};
		55FBE1FB285412A200E3A793 /* Products */ = {
			isa = PBXGroup;
			children = (
				55FBE1FA285412A200E3A793 /* movies-challenge.app */,
				55FBE210285412A400E3A793 /* movies-challengeTests.xctest */,
				55FBE21A285412A400E3A793 /* movies-challengeUITests.xctest */,
			);
			name = Products;
			sourceTree = "<group>";
		};
		55FBE1FC285412A200E3A793 /* movies-challenge */ = {
			isa = PBXGroup;
			children = (
				55FBE20B285412A400E3A793 /* Info.plist */,
				55FBE1FD285412A200E3A793 /* AppDelegate.swift */,
				55FBE1FF285412A200E3A793 /* SceneDelegate.swift */,
				55FBE206285412A400E3A793 /* Assets.xcassets */,
				55FBE208285412A400E3A793 /* LaunchScreen.storyboard */,
				55FBE23F2854EF9300E3A793 /* Common */,
				55FBE22D285418DF00E3A793 /* Modules */,
			);
			path = "movies-challenge";
			sourceTree = "<group>";
		};
		55FBE213285412A400E3A793 /* movies-challengeTests */ = {
			isa = PBXGroup;
			children = (
				55E0334A285AD21E00150514 /* Stubs */,
				55E03344285AD21E00150514 /* Tests */,
			);
			path = "movies-challengeTests";
			sourceTree = "<group>";
		};
		55FBE21D285412A400E3A793 /* movies-challengeUITests */ = {
			isa = PBXGroup;
			children = (
				55FBE21E285412A400E3A793 /* movies_challengeUITests.swift */,
				55FBE220285412A400E3A793 /* movies_challengeUITestsLaunchTests.swift */,
			);
			path = "movies-challengeUITests";
			sourceTree = "<group>";
		};
		55FBE22D285418DF00E3A793 /* Modules */ = {
			isa = PBXGroup;
			children = (
				55FBE22F28541B6500E3A793 /* DetailMovie */,
				55FBE22E28541B5E00E3A793 /* Home */,
			);
			path = Modules;
			sourceTree = "<group>";
		};
		55FBE22E28541B5E00E3A793 /* Home */ = {
			isa = PBXGroup;
			children = (
				55D75698285532FB00259415 /* HomeInteractor.swift */,
				55D756952855315B00259415 /* HomeInterfaces.swift */,
				558382A0285507290024EF35 /* HomePresenter.swift */,
				5583829C2854F9670024EF35 /* HomeRouter.swift */,
				55D75688285527A100259415 /* View */,
			);
			path = Home;
			sourceTree = "<group>";
		};
		55FBE22F28541B6500E3A793 /* DetailMovie */ = {
			isa = PBXGroup;
			children = (
				55BED87A2856B4FA00FF30F5 /* DetailMovieInteractor.swift */,
				55BED87C2856B53600FF30F5 /* DetailMovieInterfaces.swift */,
				55BED8782856B49C00FF30F5 /* DetailMoviePresenter.swift */,
				55BED8732856B41700FF30F5 /* DetailMovieRouter.swift */,
				55BED8752856B45400FF30F5 /* View */,
			);
			path = DetailMovie;
			sourceTree = "<group>";
		};
		55FBE23D2854EEC600E3A793 /* Extensions */ = {
			isa = PBXGroup;
			children = (
				55D7568E2855293A00259415 /* Describable.swift */,
				55D756A428556CA900259415 /* UIViewController+Extensions.swift */,
				55D756A82855951A00259415 /* UIImageView+Extensions.swift */,
				55BED86C2856364E00FF30F5 /* UICollectionView+Extensions.swift */,
				551105272859757800CEB6B5 /* UITableView+Extensions.swift */,
				5588DE75285BA14100C37092 /* FileManager+Extensions.swift */,
			);
			path = Extensions;
			sourceTree = "<group>";
		};
		55FBE23E2854EF3000E3A793 /* Services */ = {
			isa = PBXGroup;
			children = (
				55D756AE285597F100259415 /* BaseService.swift */,
				55D756AC285597CC00259415 /* CustomError.swift */,
				55D756B228559B6E00259415 /* Endpoint.swift */,
				55D756AA285597AE00259415 /* HTTPMethod.swift */,
				55D756B428559C2A00259415 /* NetworkConstants.swift */,
				5588DE6E285B9E3500C37092 /* ServiceManager.swift */,
			);
			path = Services;
			sourceTree = "<group>";
		};
		55FBE23F2854EF9300E3A793 /* Common */ = {
			isa = PBXGroup;
			children = (
				55BED86E28563D4800FF30F5 /* Resources */,
				55D756A12855606700259415 /* Base */,
				55FBE23D2854EEC600E3A793 /* Extensions */,
				55D7569A2855335100259415 /* Models */,
				55FBE23E2854EF3000E3A793 /* Services */,
				55D7568B2855282600259415 /* UI */,
			);
			path = Common;
			sourceTree = "<group>";
		};
/* End PBXGroup section */

/* Begin PBXNativeTarget section */
		55FBE1F9285412A200E3A793 /* movies-challenge */ = {
			isa = PBXNativeTarget;
			buildConfigurationList = 55FBE224285412A400E3A793 /* Build configuration list for PBXNativeTarget "movies-challenge" */;
			buildPhases = (
				55FBE1F6285412A200E3A793 /* Sources */,
				55FBE1F7285412A200E3A793 /* Frameworks */,
				55FBE1F8285412A200E3A793 /* Resources */,
			);
			buildRules = (
			);
			dependencies = (
			);
			name = "movies-challenge";
			productName = "movies-challenge";
			productReference = 55FBE1FA285412A200E3A793 /* movies-challenge.app */;
			productType = "com.apple.product-type.application";
		};
		55FBE20F285412A400E3A793 /* movies-challengeTests */ = {
			isa = PBXNativeTarget;
			buildConfigurationList = 55FBE227285412A400E3A793 /* Build configuration list for PBXNativeTarget "movies-challengeTests" */;
			buildPhases = (
				55FBE20C285412A400E3A793 /* Sources */,
				55FBE20D285412A400E3A793 /* Frameworks */,
				55FBE20E285412A400E3A793 /* Resources */,
			);
			buildRules = (
			);
			dependencies = (
				55FBE212285412A400E3A793 /* PBXTargetDependency */,
			);
			name = "movies-challengeTests";
			productName = "movies-challengeTests";
			productReference = 55FBE210285412A400E3A793 /* movies-challengeTests.xctest */;
			productType = "com.apple.product-type.bundle.unit-test";
		};
		55FBE219285412A400E3A793 /* movies-challengeUITests */ = {
			isa = PBXNativeTarget;
			buildConfigurationList = 55FBE22A285412A400E3A793 /* Build configuration list for PBXNativeTarget "movies-challengeUITests" */;
			buildPhases = (
				55FBE216285412A400E3A793 /* Sources */,
				55FBE217285412A400E3A793 /* Frameworks */,
				55FBE218285412A400E3A793 /* Resources */,
			);
			buildRules = (
			);
			dependencies = (
				55FBE21C285412A400E3A793 /* PBXTargetDependency */,
			);
			name = "movies-challengeUITests";
			productName = "movies-challengeUITests";
			productReference = 55FBE21A285412A400E3A793 /* movies-challengeUITests.xctest */;
			productType = "com.apple.product-type.bundle.ui-testing";
		};
/* End PBXNativeTarget section */

/* Begin PBXProject section */
		55FBE1F2285412A200E3A793 /* Project object */ = {
			isa = PBXProject;
			attributes = {
				BuildIndependentTargetsInParallel = 1;
				LastSwiftUpdateCheck = 1340;
				LastUpgradeCheck = 1340;
				TargetAttributes = {
					55FBE1F9285412A200E3A793 = {
						CreatedOnToolsVersion = 13.4;
					};
					55FBE20F285412A400E3A793 = {
						CreatedOnToolsVersion = 13.4;
						TestTargetID = 55FBE1F9285412A200E3A793;
					};
					55FBE219285412A400E3A793 = {
						CreatedOnToolsVersion = 13.4;
						TestTargetID = 55FBE1F9285412A200E3A793;
					};
				};
			};
			buildConfigurationList = 55FBE1F5285412A200E3A793 /* Build configuration list for PBXProject "movies-challenge" */;
			compatibilityVersion = "Xcode 13.0";
			developmentRegion = en;
			hasScannedForEncodings = 0;
			knownRegions = (
				en,
				Base,
			);
			mainGroup = 55FBE1F1285412A200E3A793;
			productRefGroup = 55FBE1FB285412A200E3A793 /* Products */;
			projectDirPath = "";
			projectRoot = "";
			targets = (
				55FBE1F9285412A200E3A793 /* movies-challenge */,
				55FBE20F285412A400E3A793 /* movies-challengeTests */,
				55FBE219285412A400E3A793 /* movies-challengeUITests */,
			);
		};
/* End PBXProject section */

/* Begin PBXResourcesBuildPhase section */
		55FBE1F8285412A200E3A793 /* Resources */ = {
			isa = PBXResourcesBuildPhase;
			buildActionMask = 2147483647;
			files = (
				553B94AA285CDE4100BC6C06 /* UnitTestCapture.png in Resources */,
				553B94A4285CD88D00BC6C06 /* AppWorking.gif in Resources */,
				55FBE20A285412A400E3A793 /* LaunchScreen.storyboard in Resources */,
				55FBE207285412A400E3A793 /* Assets.xcassets in Resources */,
				553B94A8285CDD5A00BC6C06 /* CommonCapture.png in Resources */,
				553B94A6285CDD0C00BC6C06 /* ModulesCapture.png in Resources */,
				55BED8832856BB6C00FF30F5 /* DetailMovieViewController.xib in Resources */,
			);
			runOnlyForDeploymentPostprocessing = 0;
		};
		55FBE20E285412A400E3A793 /* Resources */ = {
			isa = PBXResourcesBuildPhase;
			buildActionMask = 2147483647;
			files = (
				554EDAC4285BCCFA00502112 /* VideosMovie.json in Resources */,
				554EDAB6285BC46100502112 /* UpcomingMovies.json in Resources */,
				554EDAB8285BC4B200502112 /* TopRatedMovies.json in Resources */,
				55E0334E285AD21E00150514 /* PopularMovies.json in Resources */,
				554EDABE285BCBFD00502112 /* DetailMovie.json in Resources */,
			);
			runOnlyForDeploymentPostprocessing = 0;
		};
		55FBE218285412A400E3A793 /* Resources */ = {
			isa = PBXResourcesBuildPhase;
			buildActionMask = 2147483647;
			files = (
			);
			runOnlyForDeploymentPostprocessing = 0;
		};
/* End PBXResourcesBuildPhase section */

/* Begin PBXSourcesBuildPhase section */
		55FBE1F6285412A200E3A793 /* Sources */ = {
			isa = PBXSourcesBuildPhase;
			buildActionMask = 2147483647;
			files = (
				55BED8792856B49C00FF30F5 /* DetailMoviePresenter.swift in Sources */,
				5583829F2855011E0024EF35 /* HomeViewController.swift in Sources */,
				55BED8742856B41800FF30F5 /* DetailMovieRouter.swift in Sources */,
				55D756AD285597CC00259415 /* CustomError.swift in Sources */,
				55D75699285532FB00259415 /* HomeInteractor.swift in Sources */,
				55D756A528556CAA00259415 /* UIViewController+Extensions.swift in Sources */,
				55BED872285686B500FF30F5 /* UpcomingMovies.swift in Sources */,
				55BED86D2856364E00FF30F5 /* UICollectionView+Extensions.swift in Sources */,
				55D7569C2855335B00259415 /* Movie.swift in Sources */,
				55D756B72855A06600259415 /* PopularMovies.swift in Sources */,
				55FBE1FE285412A200E3A793 /* AppDelegate.swift in Sources */,
				5583829D2854F9670024EF35 /* HomeRouter.swift in Sources */,
				55298335285821A9008D34EE /* LoadingScreen.swift in Sources */,
				55BED870285686AA00FF30F5 /* TopRatedMovies.swift in Sources */,
				551105242859649A00CEB6B5 /* DetailMovie.swift in Sources */,
				55BED87D2856B53600FF30F5 /* DetailMovieInterfaces.swift in Sources */,
				55D7568D2855283800259415 /* CollectionViewHorizontalCustom.swift in Sources */,
				5588DE76285BA14100C37092 /* FileManager+Extensions.swift in Sources */,
				558382A1285507290024EF35 /* HomePresenter.swift in Sources */,
				55D756AB285597AE00259415 /* HTTPMethod.swift in Sources */,
				5588DE6F285B9E3500C37092 /* ServiceManager.swift in Sources */,
				55D756A92855951A00259415 /* UIImageView+Extensions.swift in Sources */,
				55D756B128559A1F00259415 /* ErrorStrings.swift in Sources */,
				55BED8852856BD2F00FF30F5 /* DetailImageViewCell.swift in Sources */,
				55D756B528559C2A00259415 /* NetworkConstants.swift in Sources */,
				55BED87B2856B4FA00FF30F5 /* DetailMovieInteractor.swift in Sources */,
				55D756B328559B6E00259415 /* Endpoint.swift in Sources */,
				551105282859757800CEB6B5 /* UITableView+Extensions.swift in Sources */,
				55BED8872856BD8700FF30F5 /* DetailInfoViewCell.swift in Sources */,
				55D756A32855607600259415 /* BaseRouter.swift in Sources */,
				55D756AF285597F100259415 /* BaseService.swift in Sources */,
				55D7568A285527B900259415 /* MovieViewCell.swift in Sources */,
				55D756962855315B00259415 /* HomeInterfaces.swift in Sources */,
				55D7568F2855293A00259415 /* Describable.swift in Sources */,
				55BED8822856BB6C00FF30F5 /* DetailMovieViewController.swift in Sources */,
				55FBE200285412A200E3A793 /* SceneDelegate.swift in Sources */,
			);
			runOnlyForDeploymentPostprocessing = 0;
		};
		55FBE20C285412A400E3A793 /* Sources */ = {
			isa = PBXSourcesBuildPhase;
			buildActionMask = 2147483647;
			files = (
				553B7831285B8B070081CF74 /* MockDetailMovieView.swift in Sources */,
				55E0334C285AD21E00150514 /* MockHomeInteractor.swift in Sources */,
				554EDACA285BCE2000502112 /* XCTestCase+Extensions.swift in Sources */,
				554EDAC8285BCD9B00502112 /* HomeViewControllerTests.swift in Sources */,
				553B7835285B8BCC0081CF74 /* MockDetailMovieInteractor.swift in Sources */,
				5588DE6D285B99DA00C37092 /* HomeInteractorTests.swift in Sources */,
				553B782F285B8AB60081CF74 /* DetailMoviePresenterTests.swift in Sources */,
				554EDACC285BCF7500502112 /* MockHomePresenter.swift in Sources */,
				554EDABA285BCB2F00502112 /* DetailMovieInteractorTests.swift in Sources */,
				553B7833285B8B810081CF74 /* MockDetailMovieRouter.swift in Sources */,
				55E03350285AD33400150514 /* MockHomeRouter.swift in Sources */,
				554EDAC6285BCD8B00502112 /* DetailMovieViewControllerTests.swift in Sources */,
				55E0334D285AD21E00150514 /* HomePresenterTests.swift in Sources */,
				55E03352285AD35500150514 /* MockHomeView.swift in Sources */,
				554EDACE285BD0C700502112 /* MockDetailMoviePresenter.swift in Sources */,
				5588DE73285B9FD900C37092 /* MockServiceManager.swift in Sources */,
			);
			runOnlyForDeploymentPostprocessing = 0;
		};
		55FBE216285412A400E3A793 /* Sources */ = {
			isa = PBXSourcesBuildPhase;
			buildActionMask = 2147483647;
			files = (
				55FBE21F285412A400E3A793 /* movies_challengeUITests.swift in Sources */,
				55FBE221285412A400E3A793 /* movies_challengeUITestsLaunchTests.swift in Sources */,
			);
			runOnlyForDeploymentPostprocessing = 0;
		};
/* End PBXSourcesBuildPhase section */

/* Begin PBXTargetDependency section */
		55FBE212285412A400E3A793 /* PBXTargetDependency */ = {
			isa = PBXTargetDependency;
			target = 55FBE1F9285412A200E3A793 /* movies-challenge */;
			targetProxy = 55FBE211285412A400E3A793 /* PBXContainerItemProxy */;
		};
		55FBE21C285412A400E3A793 /* PBXTargetDependency */ = {
			isa = PBXTargetDependency;
			target = 55FBE1F9285412A200E3A793 /* movies-challenge */;
			targetProxy = 55FBE21B285412A400E3A793 /* PBXContainerItemProxy */;
		};
/* End PBXTargetDependency section */

/* Begin PBXVariantGroup section */
		55FBE208285412A400E3A793 /* LaunchScreen.storyboard */ = {
			isa = PBXVariantGroup;
			children = (
				55FBE209285412A400E3A793 /* Base */,
			);
			name = LaunchScreen.storyboard;
			sourceTree = "<group>";
		};
/* End PBXVariantGroup section */

/* Begin XCBuildConfiguration section */
		55FBE222285412A400E3A793 /* Debug */ = {
			isa = XCBuildConfiguration;
			buildSettings = {
				ALWAYS_SEARCH_USER_PATHS = NO;
				CLANG_ANALYZER_NONNULL = YES;
				CLANG_ANALYZER_NUMBER_OBJECT_CONVERSION = YES_AGGRESSIVE;
				CLANG_CXX_LANGUAGE_STANDARD = "gnu++17";
				CLANG_ENABLE_MODULES = YES;
				CLANG_ENABLE_OBJC_ARC = YES;
				CLANG_ENABLE_OBJC_WEAK = YES;
				CLANG_WARN_BLOCK_CAPTURE_AUTORELEASING = YES;
				CLANG_WARN_BOOL_CONVERSION = YES;
				CLANG_WARN_COMMA = YES;
				CLANG_WARN_CONSTANT_CONVERSION = YES;
				CLANG_WARN_DEPRECATED_OBJC_IMPLEMENTATIONS = YES;
				CLANG_WARN_DIRECT_OBJC_ISA_USAGE = YES_ERROR;
				CLANG_WARN_DOCUMENTATION_COMMENTS = YES;
				CLANG_WARN_EMPTY_BODY = YES;
				CLANG_WARN_ENUM_CONVERSION = YES;
				CLANG_WARN_INFINITE_RECURSION = YES;
				CLANG_WARN_INT_CONVERSION = YES;
				CLANG_WARN_NON_LITERAL_NULL_CONVERSION = YES;
				CLANG_WARN_OBJC_IMPLICIT_RETAIN_SELF = YES;
				CLANG_WARN_OBJC_LITERAL_CONVERSION = YES;
				CLANG_WARN_OBJC_ROOT_CLASS = YES_ERROR;
				CLANG_WARN_QUOTED_INCLUDE_IN_FRAMEWORK_HEADER = YES;
				CLANG_WARN_RANGE_LOOP_ANALYSIS = YES;
				CLANG_WARN_STRICT_PROTOTYPES = YES;
				CLANG_WARN_SUSPICIOUS_MOVE = YES;
				CLANG_WARN_UNGUARDED_AVAILABILITY = YES_AGGRESSIVE;
				CLANG_WARN_UNREACHABLE_CODE = YES;
				CLANG_WARN__DUPLICATE_METHOD_MATCH = YES;
				COPY_PHASE_STRIP = NO;
				DEBUG_INFORMATION_FORMAT = dwarf;
				ENABLE_STRICT_OBJC_MSGSEND = YES;
				ENABLE_TESTABILITY = YES;
				GCC_C_LANGUAGE_STANDARD = gnu11;
				GCC_DYNAMIC_NO_PIC = NO;
				GCC_NO_COMMON_BLOCKS = YES;
				GCC_OPTIMIZATION_LEVEL = 0;
				GCC_PREPROCESSOR_DEFINITIONS = (
					"DEBUG=1",
					"$(inherited)",
				);
				GCC_WARN_64_TO_32_BIT_CONVERSION = YES;
				GCC_WARN_ABOUT_RETURN_TYPE = YES_ERROR;
				GCC_WARN_UNDECLARED_SELECTOR = YES;
				GCC_WARN_UNINITIALIZED_AUTOS = YES_AGGRESSIVE;
				GCC_WARN_UNUSED_FUNCTION = YES;
				GCC_WARN_UNUSED_VARIABLE = YES;
				IPHONEOS_DEPLOYMENT_TARGET = 15.5;
				MTL_ENABLE_DEBUG_INFO = INCLUDE_SOURCE;
				MTL_FAST_MATH = YES;
				ONLY_ACTIVE_ARCH = YES;
				SDKROOT = iphoneos;
				SWIFT_ACTIVE_COMPILATION_CONDITIONS = DEBUG;
				SWIFT_OPTIMIZATION_LEVEL = "-Onone";
			};
			name = Debug;
		};
		55FBE223285412A400E3A793 /* Release */ = {
			isa = XCBuildConfiguration;
			buildSettings = {
				ALWAYS_SEARCH_USER_PATHS = NO;
				CLANG_ANALYZER_NONNULL = YES;
				CLANG_ANALYZER_NUMBER_OBJECT_CONVERSION = YES_AGGRESSIVE;
				CLANG_CXX_LANGUAGE_STANDARD = "gnu++17";
				CLANG_ENABLE_MODULES = YES;
				CLANG_ENABLE_OBJC_ARC = YES;
				CLANG_ENABLE_OBJC_WEAK = YES;
				CLANG_WARN_BLOCK_CAPTURE_AUTORELEASING = YES;
				CLANG_WARN_BOOL_CONVERSION = YES;
				CLANG_WARN_COMMA = YES;
				CLANG_WARN_CONSTANT_CONVERSION = YES;
				CLANG_WARN_DEPRECATED_OBJC_IMPLEMENTATIONS = YES;
				CLANG_WARN_DIRECT_OBJC_ISA_USAGE = YES_ERROR;
				CLANG_WARN_DOCUMENTATION_COMMENTS = YES;
				CLANG_WARN_EMPTY_BODY = YES;
				CLANG_WARN_ENUM_CONVERSION = YES;
				CLANG_WARN_INFINITE_RECURSION = YES;
				CLANG_WARN_INT_CONVERSION = YES;
				CLANG_WARN_NON_LITERAL_NULL_CONVERSION = YES;
				CLANG_WARN_OBJC_IMPLICIT_RETAIN_SELF = YES;
				CLANG_WARN_OBJC_LITERAL_CONVERSION = YES;
				CLANG_WARN_OBJC_ROOT_CLASS = YES_ERROR;
				CLANG_WARN_QUOTED_INCLUDE_IN_FRAMEWORK_HEADER = YES;
				CLANG_WARN_RANGE_LOOP_ANALYSIS = YES;
				CLANG_WARN_STRICT_PROTOTYPES = YES;
				CLANG_WARN_SUSPICIOUS_MOVE = YES;
				CLANG_WARN_UNGUARDED_AVAILABILITY = YES_AGGRESSIVE;
				CLANG_WARN_UNREACHABLE_CODE = YES;
				CLANG_WARN__DUPLICATE_METHOD_MATCH = YES;
				COPY_PHASE_STRIP = NO;
				DEBUG_INFORMATION_FORMAT = "dwarf-with-dsym";
				ENABLE_NS_ASSERTIONS = NO;
				ENABLE_STRICT_OBJC_MSGSEND = YES;
				GCC_C_LANGUAGE_STANDARD = gnu11;
				GCC_NO_COMMON_BLOCKS = YES;
				GCC_WARN_64_TO_32_BIT_CONVERSION = YES;
				GCC_WARN_ABOUT_RETURN_TYPE = YES_ERROR;
				GCC_WARN_UNDECLARED_SELECTOR = YES;
				GCC_WARN_UNINITIALIZED_AUTOS = YES_AGGRESSIVE;
				GCC_WARN_UNUSED_FUNCTION = YES;
				GCC_WARN_UNUSED_VARIABLE = YES;
				IPHONEOS_DEPLOYMENT_TARGET = 15.5;
				MTL_ENABLE_DEBUG_INFO = NO;
				MTL_FAST_MATH = YES;
				SDKROOT = iphoneos;
				SWIFT_COMPILATION_MODE = wholemodule;
				SWIFT_OPTIMIZATION_LEVEL = "-O";
				VALIDATE_PRODUCT = YES;
			};
			name = Release;
		};
		55FBE225285412A400E3A793 /* Debug */ = {
			isa = XCBuildConfiguration;
			buildSettings = {
				ASSETCATALOG_COMPILER_APPICON_NAME = AppIcon;
				ASSETCATALOG_COMPILER_GLOBAL_ACCENT_COLOR_NAME = AccentColor;
				CODE_SIGN_STYLE = Automatic;
				CURRENT_PROJECT_VERSION = 1;
				DEVELOPMENT_TEAM = 3LP9CD26XD;
				GENERATE_INFOPLIST_FILE = YES;
				INFOPLIST_FILE = "movies-challenge/Info.plist";
				INFOPLIST_KEY_UIApplicationSupportsIndirectInputEvents = YES;
				INFOPLIST_KEY_UILaunchStoryboardName = LaunchScreen;
				INFOPLIST_KEY_UISupportedInterfaceOrientations_iPad = "UIInterfaceOrientationPortrait UIInterfaceOrientationPortraitUpsideDown UIInterfaceOrientationLandscapeLeft UIInterfaceOrientationLandscapeRight";
				INFOPLIST_KEY_UISupportedInterfaceOrientations_iPhone = "UIInterfaceOrientationPortrait UIInterfaceOrientationLandscapeLeft UIInterfaceOrientationLandscapeRight";
				LD_RUNPATH_SEARCH_PATHS = (
					"$(inherited)",
					"@executable_path/Frameworks",
				);
				MARKETING_VERSION = 1.0;
				PRODUCT_BUNDLE_IDENTIFIER = "brayammora.movies-challenge";
				PRODUCT_NAME = "$(TARGET_NAME)";
				SWIFT_EMIT_LOC_STRINGS = YES;
				SWIFT_VERSION = 5.0;
				TARGETED_DEVICE_FAMILY = "1,2";
			};
			name = Debug;
		};
		55FBE226285412A400E3A793 /* Release */ = {
			isa = XCBuildConfiguration;
			buildSettings = {
				ASSETCATALOG_COMPILER_APPICON_NAME = AppIcon;
				ASSETCATALOG_COMPILER_GLOBAL_ACCENT_COLOR_NAME = AccentColor;
				CODE_SIGN_STYLE = Automatic;
				CURRENT_PROJECT_VERSION = 1;
				DEVELOPMENT_TEAM = 3LP9CD26XD;
				GENERATE_INFOPLIST_FILE = YES;
				INFOPLIST_FILE = "movies-challenge/Info.plist";
				INFOPLIST_KEY_UIApplicationSupportsIndirectInputEvents = YES;
				INFOPLIST_KEY_UILaunchStoryboardName = LaunchScreen;
				INFOPLIST_KEY_UISupportedInterfaceOrientations_iPad = "UIInterfaceOrientationPortrait UIInterfaceOrientationPortraitUpsideDown UIInterfaceOrientationLandscapeLeft UIInterfaceOrientationLandscapeRight";
				INFOPLIST_KEY_UISupportedInterfaceOrientations_iPhone = "UIInterfaceOrientationPortrait UIInterfaceOrientationLandscapeLeft UIInterfaceOrientationLandscapeRight";
				LD_RUNPATH_SEARCH_PATHS = (
					"$(inherited)",
					"@executable_path/Frameworks",
				);
				MARKETING_VERSION = 1.0;
				PRODUCT_BUNDLE_IDENTIFIER = "brayammora.movies-challenge";
				PRODUCT_NAME = "$(TARGET_NAME)";
				SWIFT_EMIT_LOC_STRINGS = YES;
				SWIFT_VERSION = 5.0;
				TARGETED_DEVICE_FAMILY = "1,2";
			};
			name = Release;
		};
		55FBE228285412A400E3A793 /* Debug */ = {
			isa = XCBuildConfiguration;
			buildSettings = {
				ALWAYS_EMBED_SWIFT_STANDARD_LIBRARIES = YES;
				BUNDLE_LOADER = "$(TEST_HOST)";
				CODE_SIGN_STYLE = Automatic;
				CURRENT_PROJECT_VERSION = 1;
				DEVELOPMENT_TEAM = 3LP9CD26XD;
				GENERATE_INFOPLIST_FILE = YES;
				IPHONEOS_DEPLOYMENT_TARGET = 15.5;
				MARKETING_VERSION = 1.0;
				PRODUCT_BUNDLE_IDENTIFIER = "brayammora.movies-challengeTests";
				PRODUCT_NAME = "$(TARGET_NAME)";
				SWIFT_EMIT_LOC_STRINGS = NO;
				SWIFT_VERSION = 5.0;
				TARGETED_DEVICE_FAMILY = "1,2";
				TEST_HOST = "$(BUILT_PRODUCTS_DIR)/movies-challenge.app/movies-challenge";
			};
			name = Debug;
		};
		55FBE229285412A400E3A793 /* Release */ = {
			isa = XCBuildConfiguration;
			buildSettings = {
				ALWAYS_EMBED_SWIFT_STANDARD_LIBRARIES = YES;
				BUNDLE_LOADER = "$(TEST_HOST)";
				CODE_SIGN_STYLE = Automatic;
				CURRENT_PROJECT_VERSION = 1;
				DEVELOPMENT_TEAM = 3LP9CD26XD;
				GENERATE_INFOPLIST_FILE = YES;
				IPHONEOS_DEPLOYMENT_TARGET = 15.5;
				MARKETING_VERSION = 1.0;
				PRODUCT_BUNDLE_IDENTIFIER = "brayammora.movies-challengeTests";
				PRODUCT_NAME = "$(TARGET_NAME)";
				SWIFT_EMIT_LOC_STRINGS = NO;
				SWIFT_VERSION = 5.0;
				TARGETED_DEVICE_FAMILY = "1,2";
				TEST_HOST = "$(BUILT_PRODUCTS_DIR)/movies-challenge.app/movies-challenge";
			};
			name = Release;
		};
		55FBE22B285412A400E3A793 /* Debug */ = {
			isa = XCBuildConfiguration;
			buildSettings = {
				ALWAYS_EMBED_SWIFT_STANDARD_LIBRARIES = YES;
				CODE_SIGN_STYLE = Automatic;
				CURRENT_PROJECT_VERSION = 1;
				DEVELOPMENT_TEAM = 3LP9CD26XD;
				GENERATE_INFOPLIST_FILE = YES;
				MARKETING_VERSION = 1.0;
				PRODUCT_BUNDLE_IDENTIFIER = "brayammora.movies-challengeUITests";
				PRODUCT_NAME = "$(TARGET_NAME)";
				SWIFT_EMIT_LOC_STRINGS = NO;
				SWIFT_VERSION = 5.0;
				TARGETED_DEVICE_FAMILY = "1,2";
				TEST_TARGET_NAME = "movies-challenge";
			};
			name = Debug;
		};
		55FBE22C285412A400E3A793 /* Release */ = {
			isa = XCBuildConfiguration;
			buildSettings = {
				ALWAYS_EMBED_SWIFT_STANDARD_LIBRARIES = YES;
				CODE_SIGN_STYLE = Automatic;
				CURRENT_PROJECT_VERSION = 1;
				DEVELOPMENT_TEAM = 3LP9CD26XD;
				GENERATE_INFOPLIST_FILE = YES;
				MARKETING_VERSION = 1.0;
				PRODUCT_BUNDLE_IDENTIFIER = "brayammora.movies-challengeUITests";
				PRODUCT_NAME = "$(TARGET_NAME)";
				SWIFT_EMIT_LOC_STRINGS = NO;
				SWIFT_VERSION = 5.0;
				TARGETED_DEVICE_FAMILY = "1,2";
				TEST_TARGET_NAME = "movies-challenge";
			};
			name = Release;
		};
/* End XCBuildConfiguration section */

/* Begin XCConfigurationList section */
		55FBE1F5285412A200E3A793 /* Build configuration list for PBXProject "movies-challenge" */ = {
			isa = XCConfigurationList;
			buildConfigurations = (
				55FBE222285412A400E3A793 /* Debug */,
				55FBE223285412A400E3A793 /* Release */,
			);
			defaultConfigurationIsVisible = 0;
			defaultConfigurationName = Release;
		};
		55FBE224285412A400E3A793 /* Build configuration list for PBXNativeTarget "movies-challenge" */ = {
			isa = XCConfigurationList;
			buildConfigurations = (
				55FBE225285412A400E3A793 /* Debug */,
				55FBE226285412A400E3A793 /* Release */,
			);
			defaultConfigurationIsVisible = 0;
			defaultConfigurationName = Release;
		};
		55FBE227285412A400E3A793 /* Build configuration list for PBXNativeTarget "movies-challengeTests" */ = {
			isa = XCConfigurationList;
			buildConfigurations = (
				55FBE228285412A400E3A793 /* Debug */,
				55FBE229285412A400E3A793 /* Release */,
			);
			defaultConfigurationIsVisible = 0;
			defaultConfigurationName = Release;
		};
		55FBE22A285412A400E3A793 /* Build configuration list for PBXNativeTarget "movies-challengeUITests" */ = {
			isa = XCConfigurationList;
			buildConfigurations = (
				55FBE22B285412A400E3A793 /* Debug */,
				55FBE22C285412A400E3A793 /* Release */,
			);
			defaultConfigurationIsVisible = 0;
			defaultConfigurationName = Release;
		};
/* End XCConfigurationList section */
	};
	rootObject = 55FBE1F2285412A200E3A793 /* Project object */;
}
